{
  "name": "BooksLibraryProject",
  "lockfileVersion": 3,
  "requires": true,
  "packages": {
    "": {
      "dependencies": {
        "react-stars": "^2.2.5"
      }
    },
    "node_modules/react-stars": {
      "version": "2.2.5",
      "resolved": "https://registry.npmjs.org/react-stars/-/react-stars-2.2.5.tgz",
      "integrity": "sha512-O//KS6Z9RZnUOU/r+3+wxCzNalVn/wEWIcbAQFRV3dw8WbV+ys/kgcpBPijqTiNpHGrcwZdtb/7wF/UVem20CQ=="
    }
  }
}
